// !$*UTF8*$!
{
	archiveVersion = 1;
	classes = {
	};
	objectVersion = 55;
	objects = {

/* Begin PBXBuildFile section */
		212FC2ED27D59B590013D4BC /* Kingfisher in Frameworks */ = {isa = PBXBuildFile; productRef = 212FC2EC27D59B590013D4BC /* Kingfisher */; };
		214C6D7027D5162B00EDB959 /* ResultsViewController.swift in Sources */ = {isa = PBXBuildFile; fileRef = 214C6D6E27D5162B00EDB959 /* ResultsViewController.swift */; };
		214C6D7127D5162B00EDB959 /* ResultsViewController.xib in Resources */ = {isa = PBXBuildFile; fileRef = 214C6D6F27D5162B00EDB959 /* ResultsViewController.xib */; };
		214C6D7427D51D1700EDB959 /* HomeViewController.swift in Sources */ = {isa = PBXBuildFile; fileRef = 214C6D7227D51D1700EDB959 /* HomeViewController.swift */; };
		214C6D7527D51D1700EDB959 /* HomeViewController.xib in Resources */ = {isa = PBXBuildFile; fileRef = 214C6D7327D51D1700EDB959 /* HomeViewController.xib */; };
		214C6D7827D51F7900EDB959 /* FavoritesViewController.swift in Sources */ = {isa = PBXBuildFile; fileRef = 214C6D7627D51F7900EDB959 /* FavoritesViewController.swift */; };
		214C6D7927D51F7900EDB959 /* FavoritesViewController.xib in Resources */ = {isa = PBXBuildFile; fileRef = 214C6D7727D51F7900EDB959 /* FavoritesViewController.xib */; };
		214C6D7E27D5299D00EDB959 /* ResultsTableViewCell.swift in Sources */ = {isa = PBXBuildFile; fileRef = 214C6D7C27D5299D00EDB959 /* ResultsTableViewCell.swift */; };
		214C6D7F27D5299D00EDB959 /* ResultsTableViewCell.xib in Resources */ = {isa = PBXBuildFile; fileRef = 214C6D7D27D5299D00EDB959 /* ResultsTableViewCell.xib */; };
		21A9BF5D27D50EE400237106 /* AppDelegate.swift in Sources */ = {isa = PBXBuildFile; fileRef = 21A9BF5C27D50EE400237106 /* AppDelegate.swift */; };
		21A9BF5F27D50EE400237106 /* SceneDelegate.swift in Sources */ = {isa = PBXBuildFile; fileRef = 21A9BF5E27D50EE400237106 /* SceneDelegate.swift */; };
		21A9BF6627D50EE700237106 /* Assets.xcassets in Resources */ = {isa = PBXBuildFile; fileRef = 21A9BF6527D50EE700237106 /* Assets.xcassets */; };
		21A9BF6927D50EE700237106 /* LaunchScreen.storyboard in Resources */ = {isa = PBXBuildFile; fileRef = 21A9BF6727D50EE700237106 /* LaunchScreen.storyboard */; };
		21A9BF7327D50FB000237106 /* Result.swift in Sources */ = {isa = PBXBuildFile; fileRef = 21A9BF7227D50FB000237106 /* Result.swift */; };
		21A9BF7527D511C200237106 /* NetworkLayer.swift in Sources */ = {isa = PBXBuildFile; fileRef = 21A9BF7427D511C200237106 /* NetworkLayer.swift */; };
		21A9BF7727D513A600237106 /* Results.swift in Sources */ = {isa = PBXBuildFile; fileRef = 21A9BF7627D513A600237106 /* Results.swift */; };
/* End PBXBuildFile section */

/* Begin PBXFileReference section */
		214C6D6E27D5162B00EDB959 /* ResultsViewController.swift */ = {isa = PBXFileReference; lastKnownFileType = sourcecode.swift; path = ResultsViewController.swift; sourceTree = "<group>"; };
		214C6D6F27D5162B00EDB959 /* ResultsViewController.xib */ = {isa = PBXFileReference; lastKnownFileType = file.xib; path = ResultsViewController.xib; sourceTree = "<group>"; };
		214C6D7227D51D1700EDB959 /* HomeViewController.swift */ = {isa = PBXFileReference; lastKnownFileType = sourcecode.swift; path = HomeViewController.swift; sourceTree = "<group>"; };
		214C6D7327D51D1700EDB959 /* HomeViewController.xib */ = {isa = PBXFileReference; lastKnownFileType = file.xib; path = HomeViewController.xib; sourceTree = "<group>"; };
		214C6D7627D51F7900EDB959 /* FavoritesViewController.swift */ = {isa = PBXFileReference; lastKnownFileType = sourcecode.swift; path = FavoritesViewController.swift; sourceTree = "<group>"; };
		214C6D7727D51F7900EDB959 /* FavoritesViewController.xib */ = {isa = PBXFileReference; lastKnownFileType = file.xib; path = FavoritesViewController.xib; sourceTree = "<group>"; };
		214C6D7C27D5299D00EDB959 /* ResultsTableViewCell.swift */ = {isa = PBXFileReference; lastKnownFileType = sourcecode.swift; path = ResultsTableViewCell.swift; sourceTree = "<group>"; };
		214C6D7D27D5299D00EDB959 /* ResultsTableViewCell.xib */ = {isa = PBXFileReference; lastKnownFileType = file.xib; path = ResultsTableViewCell.xib; sourceTree = "<group>"; };
		21A9BF5927D50EE400237106 /* iTunesApp.app */ = {isa = PBXFileReference; explicitFileType = wrapper.application; includeInIndex = 0; path = iTunesApp.app; sourceTree = BUILT_PRODUCTS_DIR; };
		21A9BF5C27D50EE400237106 /* AppDelegate.swift */ = {isa = PBXFileReference; lastKnownFileType = sourcecode.swift; path = AppDelegate.swift; sourceTree = "<group>"; };
		21A9BF5E27D50EE400237106 /* SceneDelegate.swift */ = {isa = PBXFileReference; lastKnownFileType = sourcecode.swift; path = SceneDelegate.swift; sourceTree = "<group>"; };
		21A9BF6527D50EE700237106 /* Assets.xcassets */ = {isa = PBXFileReference; lastKnownFileType = folder.assetcatalog; path = Assets.xcassets; sourceTree = "<group>"; };
		21A9BF6827D50EE700237106 /* Base */ = {isa = PBXFileReference; lastKnownFileType = file.storyboard; name = Base; path = Base.lproj/LaunchScreen.storyboard; sourceTree = "<group>"; };
		21A9BF6A27D50EE700237106 /* Info.plist */ = {isa = PBXFileReference; lastKnownFileType = text.plist.xml; path = Info.plist; sourceTree = "<group>"; };
		21A9BF7227D50FB000237106 /* Result.swift */ = {isa = PBXFileReference; lastKnownFileType = sourcecode.swift; path = Result.swift; sourceTree = "<group>"; };
		21A9BF7427D511C200237106 /* NetworkLayer.swift */ = {isa = PBXFileReference; lastKnownFileType = sourcecode.swift; path = NetworkLayer.swift; sourceTree = "<group>"; };
		21A9BF7627D513A600237106 /* Results.swift */ = {isa = PBXFileReference; lastKnownFileType = sourcecode.swift; path = Results.swift; sourceTree = "<group>"; };
/* End PBXFileReference section */

/* Begin PBXFrameworksBuildPhase section */
		21A9BF5627D50EE400237106 /* Frameworks */ = {
			isa = PBXFrameworksBuildPhase;
			buildActionMask = 2147483647;
			files = (
				212FC2ED27D59B590013D4BC /* Kingfisher in Frameworks */,
			);
			runOnlyForDeploymentPostprocessing = 0;
		};
/* End PBXFrameworksBuildPhase section */

/* Begin PBXGroup section */
		21A9BF5027D50EE400237106 = {
			isa = PBXGroup;
			children = (
				21A9BF5B27D50EE400237106 /* iTunesApp */,
				21A9BF5A27D50EE400237106 /* Products */,
			);
			sourceTree = "<group>";
		};
		21A9BF5A27D50EE400237106 /* Products */ = {
			isa = PBXGroup;
			children = (
				21A9BF5927D50EE400237106 /* iTunesApp.app */,
			);
			name = Products;
			sourceTree = "<group>";
		};
		21A9BF5B27D50EE400237106 /* iTunesApp */ = {
			isa = PBXGroup;
			children = (
				21A9BF5C27D50EE400237106 /* AppDelegate.swift */,
				21A9BF5E27D50EE400237106 /* SceneDelegate.swift */,
				21A9BF6527D50EE700237106 /* Assets.xcassets */,
				21A9BF6727D50EE700237106 /* LaunchScreen.storyboard */,
				21A9BF6A27D50EE700237106 /* Info.plist */,
				21A9BF7227D50FB000237106 /* Result.swift */,
				21A9BF7427D511C200237106 /* NetworkLayer.swift */,
				21A9BF7627D513A600237106 /* Results.swift */,
				214C6D6E27D5162B00EDB959 /* ResultsViewController.swift */,
				214C6D6F27D5162B00EDB959 /* ResultsViewController.xib */,
				214C6D7227D51D1700EDB959 /* HomeViewController.swift */,
				214C6D7327D51D1700EDB959 /* HomeViewController.xib */,
				214C6D7627D51F7900EDB959 /* FavoritesViewController.swift */,
				214C6D7727D51F7900EDB959 /* FavoritesViewController.xib */,
				214C6D7C27D5299D00EDB959 /* ResultsTableViewCell.swift */,
				214C6D7D27D5299D00EDB959 /* ResultsTableViewCell.xib */,
			);
			path = iTunesApp;
			sourceTree = "<group>";
		};
/* End PBXGroup section */

/* Begin PBXNativeTarget section */
		21A9BF5827D50EE400237106 /* iTunesApp */ = {
			isa = PBXNativeTarget;
			buildConfigurationList = 21A9BF6D27D50EE700237106 /* Build configuration list for PBXNativeTarget "iTunesApp" */;
			buildPhases = (
				21A9BF5527D50EE400237106 /* Sources */,
				21A9BF5627D50EE400237106 /* Frameworks */,
				21A9BF5727D50EE400237106 /* Resources */,
			);
			buildRules = (
			);
			dependencies = (
			);
			name = iTunesApp;
			packageProductDependencies = (
				212FC2EC27D59B590013D4BC /* Kingfisher */,
			);
			productName = iTunesApp;
			productReference = 21A9BF5927D50EE400237106 /* iTunesApp.app */;
			productType = "com.apple.product-type.application";
		};
/* End PBXNativeTarget section */

/* Begin PBXProject section */
		21A9BF5127D50EE400237106 /* Project object */ = {
			isa = PBXProject;
			attributes = {
				BuildIndependentTargetsInParallel = 1;
				LastSwiftUpdateCheck = 1310;
				LastUpgradeCheck = 1310;
				TargetAttributes = {
					21A9BF5827D50EE400237106 = {
						CreatedOnToolsVersion = 13.1;
					};
				};
			};
			buildConfigurationList = 21A9BF5427D50EE400237106 /* Build configuration list for PBXProject "iTunesApp" */;
			compatibilityVersion = "Xcode 13.0";
			developmentRegion = en;
			hasScannedForEncodings = 0;
			knownRegions = (
				en,
				Base,
			);
			mainGroup = 21A9BF5027D50EE400237106;
			packageReferences = (
				212FC2EB27D59B590013D4BC /* XCRemoteSwiftPackageReference "Kingfisher" */,
			);
			productRefGroup = 21A9BF5A27D50EE400237106 /* Products */;
			projectDirPath = "";
			projectRoot = "";
			targets = (
				21A9BF5827D50EE400237106 /* iTunesApp */,
			);
		};
/* End PBXProject section */

/* Begin PBXResourcesBuildPhase section */
		21A9BF5727D50EE400237106 /* Resources */ = {
			isa = PBXResourcesBuildPhase;
			buildActionMask = 2147483647;
			files = (
				214C6D7127D5162B00EDB959 /* ResultsViewController.xib in Resources */,
				21A9BF6927D50EE700237106 /* LaunchScreen.storyboard in Resources */,
				214C6D7F27D5299D00EDB959 /* ResultsTableViewCell.xib in Resources */,
				21A9BF6627D50EE700237106 /* Assets.xcassets in Resources */,
				214C6D7927D51F7900EDB959 /* FavoritesViewController.xib in Resources */,
				214C6D7527D51D1700EDB959 /* HomeViewController.xib in Resources */,
			);
			runOnlyForDeploymentPostprocessing = 0;
		};
/* End PBXResourcesBuildPhase section */

/* Begin PBXSourcesBuildPhase section */
		21A9BF5527D50EE400237106 /* Sources */ = {
			isa = PBXSourcesBuildPhase;
			buildActionMask = 2147483647;
			files = (
				21A9BF7727D513A600237106 /* Results.swift in Sources */,
				21A9BF5D27D50EE400237106 /* AppDelegate.swift in Sources */,
				214C6D7E27D5299D00EDB959 /* ResultsTableViewCell.swift in Sources */,
				214C6D7827D51F7900EDB959 /* FavoritesViewController.swift in Sources */,
				21A9BF7327D50FB000237106 /* Result.swift in Sources */,
				21A9BF7527D511C200237106 /* NetworkLayer.swift in Sources */,
				21A9BF5F27D50EE400237106 /* SceneDelegate.swift in Sources */,
				214C6D7427D51D1700EDB959 /* HomeViewController.swift in Sources */,
				214C6D7027D5162B00EDB959 /* ResultsViewController.swift in Sources */,
			);
			runOnlyForDeploymentPostprocessing = 0;
		};
/* End PBXSourcesBuildPhase section */

/* Begin PBXVariantGroup section */
		21A9BF6727D50EE700237106 /* LaunchScreen.storyboard */ = {
			isa = PBXVariantGroup;
			children = (
				21A9BF6827D50EE700237106 /* Base */,
			);
			name = LaunchScreen.storyboard;
			sourceTree = "<group>";
		};
/* End PBXVariantGroup section */

/* Begin XCBuildConfiguration section */
		21A9BF6B27D50EE700237106 /* Debug */ = {
			isa = XCBuildConfiguration;
			buildSettings = {
				ALWAYS_SEARCH_USER_PATHS = NO;
				CLANG_ANALYZER_NONNULL = YES;
				CLANG_ANALYZER_NUMBER_OBJECT_CONVERSION = YES_AGGRESSIVE;
				CLANG_CXX_LANGUAGE_STANDARD = "gnu++17";
				CLANG_CXX_LIBRARY = "libc++";
				CLANG_ENABLE_MODULES = YES;
				CLANG_ENABLE_OBJC_ARC = YES;
				CLANG_ENABLE_OBJC_WEAK = YES;
				CLANG_WARN_BLOCK_CAPTURE_AUTORELEASING = YES;
				CLANG_WARN_BOOL_CONVERSION = YES;
				CLANG_WARN_COMMA = YES;
				CLANG_WARN_CONSTANT_CONVERSION = YES;
				CLANG_WARN_DEPRECATED_OBJC_IMPLEMENTATIONS = YES;
				CLANG_WARN_DIRECT_OBJC_ISA_USAGE = YES_ERROR;
				CLANG_WARN_DOCUMENTATION_COMMENTS = YES;
				CLANG_WARN_EMPTY_BODY = YES;
				CLANG_WARN_ENUM_CONVERSION = YES;
				CLANG_WARN_INFINITE_RECURSION = YES;
				CLANG_WARN_INT_CONVERSION = YES;
				CLANG_WARN_NON_LITERAL_NULL_CONVERSION = YES;
				CLANG_WARN_OBJC_IMPLICIT_RETAIN_SELF = YES;
				CLANG_WARN_OBJC_LITERAL_CONVERSION = YES;
				CLANG_WARN_OBJC_ROOT_CLASS = YES_ERROR;
				CLANG_WARN_QUOTED_INCLUDE_IN_FRAMEWORK_HEADER = YES;
				CLANG_WARN_RANGE_LOOP_ANALYSIS = YES;
				CLANG_WARN_STRICT_PROTOTYPES = YES;
				CLANG_WARN_SUSPICIOUS_MOVE = YES;
				CLANG_WARN_UNGUARDED_AVAILABILITY = YES_AGGRESSIVE;
				CLANG_WARN_UNREACHABLE_CODE = YES;
				CLANG_WARN__DUPLICATE_METHOD_MATCH = YES;
				COPY_PHASE_STRIP = NO;
				DEBUG_INFORMATION_FORMAT = dwarf;
				ENABLE_STRICT_OBJC_MSGSEND = YES;
				ENABLE_TESTABILITY = YES;
				GCC_C_LANGUAGE_STANDARD = gnu11;
				GCC_DYNAMIC_NO_PIC = NO;
				GCC_NO_COMMON_BLOCKS = YES;
				GCC_OPTIMIZATION_LEVEL = 0;
				GCC_PREPROCESSOR_DEFINITIONS = (
					"DEBUG=1",
					"$(inherited)",
				);
				GCC_WARN_64_TO_32_BIT_CONVERSION = YES;
				GCC_WARN_ABOUT_RETURN_TYPE = YES_ERROR;
				GCC_WARN_UNDECLARED_SELECTOR = YES;
				GCC_WARN_UNINITIALIZED_AUTOS = YES_AGGRESSIVE;
				GCC_WARN_UNUSED_FUNCTION = YES;
				GCC_WARN_UNUSED_VARIABLE = YES;
				IPHONEOS_DEPLOYMENT_TARGET = 15.0;
				MTL_ENABLE_DEBUG_INFO = INCLUDE_SOURCE;
				MTL_FAST_MATH = YES;
				ONLY_ACTIVE_ARCH = YES;
				SDKROOT = iphoneos;
				SWIFT_ACTIVE_COMPILATION_CONDITIONS = DEBUG;
				SWIFT_OPTIMIZATION_LEVEL = "-Onone";
			};
			name = Debug;
		};
		21A9BF6C27D50EE700237106 /* Release */ = {
			isa = XCBuildConfiguration;
			buildSettings = {
				ALWAYS_SEARCH_USER_PATHS = NO;
				CLANG_ANALYZER_NONNULL = YES;
				CLANG_ANALYZER_NUMBER_OBJECT_CONVERSION = YES_AGGRESSIVE;
				CLANG_CXX_LANGUAGE_STANDARD = "gnu++17";
				CLANG_CXX_LIBRARY = "libc++";
				CLANG_ENABLE_MODULES = YES;
				CLANG_ENABLE_OBJC_ARC = YES;
				CLANG_ENABLE_OBJC_WEAK = YES;
				CLANG_WARN_BLOCK_CAPTURE_AUTORELEASING = YES;
				CLANG_WARN_BOOL_CONVERSION = YES;
				CLANG_WARN_COMMA = YES;
				CLANG_WARN_CONSTANT_CONVERSION = YES;
				CLANG_WARN_DEPRECATED_OBJC_IMPLEMENTATIONS = YES;
				CLANG_WARN_DIRECT_OBJC_ISA_USAGE = YES_ERROR;
				CLANG_WARN_DOCUMENTATION_COMMENTS = YES;
				CLANG_WARN_EMPTY_BODY = YES;
				CLANG_WARN_ENUM_CONVERSION = YES;
				CLANG_WARN_INFINITE_RECURSION = YES;
				CLANG_WARN_INT_CONVERSION = YES;
				CLANG_WARN_NON_LITERAL_NULL_CONVERSION = YES;
				CLANG_WARN_OBJC_IMPLICIT_RETAIN_SELF = YES;
				CLANG_WARN_OBJC_LITERAL_CONVERSION = YES;
				CLANG_WARN_OBJC_ROOT_CLASS = YES_ERROR;
				CLANG_WARN_QUOTED_INCLUDE_IN_FRAMEWORK_HEADER = YES;
				CLANG_WARN_RANGE_LOOP_ANALYSIS = YES;
				CLANG_WARN_STRICT_PROTOTYPES = YES;
				CLANG_WARN_SUSPICIOUS_MOVE = YES;
				CLANG_WARN_UNGUARDED_AVAILABILITY = YES_AGGRESSIVE;
				CLANG_WARN_UNREACHABLE_CODE = YES;
				CLANG_WARN__DUPLICATE_METHOD_MATCH = YES;
				COPY_PHASE_STRIP = NO;
				DEBUG_INFORMATION_FORMAT = "dwarf-with-dsym";
				ENABLE_NS_ASSERTIONS = NO;
				ENABLE_STRICT_OBJC_MSGSEND = YES;
				GCC_C_LANGUAGE_STANDARD = gnu11;
				GCC_NO_COMMON_BLOCKS = YES;
				GCC_WARN_64_TO_32_BIT_CONVERSION = YES;
				GCC_WARN_ABOUT_RETURN_TYPE = YES_ERROR;
				GCC_WARN_UNDECLARED_SELECTOR = YES;
				GCC_WARN_UNINITIALIZED_AUTOS = YES_AGGRESSIVE;
				GCC_WARN_UNUSED_FUNCTION = YES;
				GCC_WARN_UNUSED_VARIABLE = YES;
				IPHONEOS_DEPLOYMENT_TARGET = 15.0;
				MTL_ENABLE_DEBUG_INFO = NO;
				MTL_FAST_MATH = YES;
				SDKROOT = iphoneos;
				SWIFT_COMPILATION_MODE = wholemodule;
				SWIFT_OPTIMIZATION_LEVEL = "-O";
				VALIDATE_PRODUCT = YES;
			};
			name = Release;
		};
		21A9BF6E27D50EE700237106 /* Debug */ = {
			isa = XCBuildConfiguration;
			buildSettings = {
				ASSETCATALOG_COMPILER_APPICON_NAME = AppIcon;
				ASSETCATALOG_COMPILER_GLOBAL_ACCENT_COLOR_NAME = AccentColor;
				CODE_SIGN_STYLE = Automatic;
				CURRENT_PROJECT_VERSION = 1;
				DEVELOPMENT_TEAM = D6ZFFGJQCK;
				GENERATE_INFOPLIST_FILE = YES;
				INFOPLIST_FILE = iTunesApp/Info.plist;
				INFOPLIST_KEY_UIApplicationSupportsIndirectInputEvents = YES;
				INFOPLIST_KEY_UILaunchStoryboardName = LaunchScreen;
				INFOPLIST_KEY_UISupportedInterfaceOrientations_iPad = "UIInterfaceOrientationPortrait UIInterfaceOrientationPortraitUpsideDown UIInterfaceOrientationLandscapeLeft UIInterfaceOrientationLandscapeRight";
				INFOPLIST_KEY_UISupportedInterfaceOrientations_iPhone = "UIInterfaceOrientationPortrait UIInterfaceOrientationLandscapeLeft UIInterfaceOrientationLandscapeRight";
				LD_RUNPATH_SEARCH_PATHS = (
					"$(inherited)",
					"@executable_path/Frameworks",
				);
				MARKETING_VERSION = 1.0;
				PRODUCT_BUNDLE_IDENTIFIER = vania.alfitri.iTunesApp;
				PRODUCT_NAME = "$(TARGET_NAME)";
				SWIFT_EMIT_LOC_STRINGS = YES;
				SWIFT_VERSION = 5.0;
				TARGETED_DEVICE_FAMILY = "1,2";
			};
			name = Debug;
		};
		21A9BF6F27D50EE700237106 /* Release */ = {
			isa = XCBuildConfiguration;
			buildSettings = {
				ASSETCATALOG_COMPILER_APPICON_NAME = AppIcon;
				ASSETCATALOG_COMPILER_GLOBAL_ACCENT_COLOR_NAME = AccentColor;
				CODE_SIGN_STYLE = Automatic;
				CURRENT_PROJECT_VERSION = 1;
				DEVELOPMENT_TEAM = D6ZFFGJQCK;
				GENERATE_INFOPLIST_FILE = YES;
				INFOPLIST_FILE = iTunesApp/Info.plist;
				INFOPLIST_KEY_UIApplicationSupportsIndirectInputEvents = YES;
				INFOPLIST_KEY_UILaunchStoryboardName = LaunchScreen;
				INFOPLIST_KEY_UISupportedInterfaceOrientations_iPad = "UIInterfaceOrientationPortrait UIInterfaceOrientationPortraitUpsideDown UIInterfaceOrientationLandscapeLeft UIInterfaceOrientationLandscapeRight";
				INFOPLIST_KEY_UISupportedInterfaceOrientations_iPhone = "UIInterfaceOrientationPortrait UIInterfaceOrientationLandscapeLeft UIInterfaceOrientationLandscapeRight";
				LD_RUNPATH_SEARCH_PATHS = (
					"$(inherited)",
					"@executable_path/Frameworks",
				);
				MARKETING_VERSION = 1.0;
				PRODUCT_BUNDLE_IDENTIFIER = vania.alfitri.iTunesApp;
				PRODUCT_NAME = "$(TARGET_NAME)";
				SWIFT_EMIT_LOC_STRINGS = YES;
				SWIFT_VERSION = 5.0;
				TARGETED_DEVICE_FAMILY = "1,2";
			};
			name = Release;
		};
/* End XCBuildConfiguration section */

/* Begin XCConfigurationList section */
		21A9BF5427D50EE400237106 /* Build configuration list for PBXProject "iTunesApp" */ = {
			isa = XCConfigurationList;
			buildConfigurations = (
				21A9BF6B27D50EE700237106 /* Debug */,
				21A9BF6C27D50EE700237106 /* Release */,
			);
			defaultConfigurationIsVisible = 0;
			defaultConfigurationName = Release;
		};
		21A9BF6D27D50EE700237106 /* Build configuration list for PBXNativeTarget "iTunesApp" */ = {
			isa = XCConfigurationList;
			buildConfigurations = (
				21A9BF6E27D50EE700237106 /* Debug */,
				21A9BF6F27D50EE700237106 /* Release */,
			);
			defaultConfigurationIsVisible = 0;
			defaultConfigurationName = Release;
		};
/* End XCConfigurationList section */

/* Begin XCRemoteSwiftPackageReference section */
		212FC2EB27D59B590013D4BC /* XCRemoteSwiftPackageReference "Kingfisher" */ = {
			isa = XCRemoteSwiftPackageReference;
			repositoryURL = "https://github.com/onevcat/Kingfisher.git";
			requirement = {
				kind = upToNextMajorVersion;
				minimumVersion = 7.0.0;
			};
		};
/* End XCRemoteSwiftPackageReference section */

/* Begin XCSwiftPackageProductDependency section */
		212FC2EC27D59B590013D4BC /* Kingfisher */ = {
			isa = XCSwiftPackageProductDependency;
			package = 212FC2EB27D59B590013D4BC /* XCRemoteSwiftPackageReference "Kingfisher" */;
			productName = Kingfisher;
		};
/* End XCSwiftPackageProductDependency section */
	};
	rootObject = 21A9BF5127D50EE400237106 /* Project object */;
}
